
Microsoft Visual Studio Solution File, Format Version 12.00
# Visual Studio Version 17
VisualStudioVersion = 17.6.33829.357
MinimumVisualStudioVersion = 10.0.40219.1
Project("{9A19103F-16F7-4668-BE54-9A1E7A4F7556}") = "DeviceSimulation", "DeviceSimulation\DeviceSimulation.csproj", "{E616AC89-92DB-4F15-890D-0B7767266184}"
EndProject
Project("{9A19103F-16F7-4668-BE54-9A1E7A4F7556}") = "IoTHubManagement", "IoTHubManagement\IoTHubManagement.csproj", "{253C0144-F0F1-4FD4-AEB1-4621C5D373B5}"
EndProject
Project("{FAE04EC0-301F-11D3-BF4B-00C04F79EFBC}") = "IoTAnalytics", "IoTAnalytics\IoTAnalytics.csproj", "{22E3410C-D1B0-4BAC-BE8E-E918372DB981}"
EndProject
Global
	GlobalSection(SolutionConfigurationPlatforms) = preSolution
		Debug|Any CPU = Debug|Any CPU
		Release|Any CPU = Release|Any CPU
	EndGlobalSection
	GlobalSection(ProjectConfigurationPlatforms) = postSolution
		{E616AC89-92DB-4F15-890D-0B7767266184}.Debug|Any CPU.ActiveCfg = Debug|Any CPU
		{E616AC89-92DB-4F15-890D-0B7767266184}.Debug|Any CPU.Build.0 = Debug|Any CPU
		{E616AC89-92DB-4F15-890D-0B7767266184}.Release|Any CPU.ActiveCfg = Release|Any CPU
		{E616AC89-92DB-4F15-890D-0B7767266184}.Release|Any CPU.Build.0 = Release|Any CPU
		{253C0144-F0F1-4FD4-AEB1-4621C5D373B5}.Debug|Any CPU.ActiveCfg = Debug|Any CPU
		{253C0144-F0F1-4FD4-AEB1-4621C5D373B5}.Debug|Any CPU.Build.0 = Debug|Any CPU
		{253C0144-F0F1-4FD4-AEB1-4621C5D373B5}.Release|Any CPU.ActiveCfg = Release|Any CPU
		{253C0144-F0F1-4FD4-AEB1-4621C5D373B5}.Release|Any CPU.Build.0 = Release|Any CPU
		{22E3410C-D1B0-4BAC-BE8E-E918372DB981}.Debug|Any CPU.ActiveCfg = Debug|Any CPU
		{22E3410C-D1B0-4BAC-BE8E-E918372DB981}.Debug|Any CPU.Build.0 = Debug|Any CPU
		{22E3410C-D1B0-4BAC-BE8E-E918372DB981}.Release|Any CPU.ActiveCfg = Release|Any CPU
		{22E3410C-D1B0-4BAC-BE8E-E918372DB981}.Release|Any CPU.Build.0 = Release|Any CPU
	EndGlobalSection
	GlobalSection(SolutionProperties) = preSolution
		HideSolutionNode = FALSE
	EndGlobalSection
	GlobalSection(ExtensibilityGlobals) = postSolution
		SolutionGuid = {DE5BAA2F-2DA5-4D03-87DC-22B486676212}
	EndGlobalSection
EndGlobal
